{
    "_meta": {
        "hash": {
            "sha256": "348a28e582a3b009f09879fdb626b0dad5578c1ab35d9f2d6302c976549c7218"
        },
        "host-environment-markers": {
            "implementation_name": "cpython",
            "implementation_version": "3.6.2",
            "os_name": "posix",
            "platform_machine": "x86_64",
            "platform_python_implementation": "CPython",
            "platform_release": "4.13.6-1-ARCH",
            "platform_system": "Linux",
            "platform_version": "#1 SMP PREEMPT Thu Oct 12 12:42:27 CEST 2017",
            "python_full_version": "3.6.2",
            "python_version": "3.6",
            "sys_platform": "linux"
        },
        "pipfile-spec": 6,
        "requires": {},
        "sources": [
            {
                "name": "pypi",
                "url": "https://pypi.python.org/simple",
                "verify_ssl": true
            }
        ]
    },
    "default": {
        "backpack": {
            "hashes": [
                "sha256:0162cf7b34c810ba4ddbbd32a1e5e804ef96fcf2fea5ce2848aa4950770d3893"
            ],
            "version": "==0.1"
        },
        "certifi": {
            "hashes": [
                "sha256:244be0d93b71e93fc0a0a479862051414d0e00e16435707e5bf5000f92e04694",
                "sha256:5ec74291ca1136b40f0379e1128ff80e866597e4e2c1e755739a913bbc3613c0"
            ],
            "version": "==2017.11.5"
        },
        "chardet": {
            "hashes": [
                "sha256:fc323ffcaeaed0e0a02bf4d117757b98aed530d9ed4531e3e15460124c106691",
                "sha256:84ab92ed1c4d4f16916e05906b6b75a6c0fb5db821cc65e70cbd64a3e2a5eaae"
            ],
            "version": "==3.0.4"
        },
        "cleo": {
            "hashes": [
                "sha256:429c1838f1361f8ea6991c87adf44fa4c7f2fd4e3973a9a4598bab30fc1bc1db",
                "sha256:c7dde60c88e53bc1486aca46dd9aa2f793536de3fffa4baa22a581fc35702c60"
            ],
            "version": "==0.6.1"
        },
        "google-api-python-client": {
            "hashes": [
                "sha256:441d638e5fff7d9f97587aa99387efd0ee13f577c9d4d50820dfda4bb80d0e64",
                "sha256:bb1f27740f6596f8272a2e1033d93d68e27e8ed5d22d6ab957e3f1d3f8ce05f6"
            ],
            "version": "==1.6.4"
        },
        "httplib2": {
            "hashes": [
                "sha256:e404d3b7bd86c1bc931906098e7c1305d6a3a6dcef141b8bb1059903abb3ceeb"
            ],
            "version": "==0.10.3"
        },
        "idna": {
            "hashes": [
                "sha256:8c7309c718f94b3a625cb648ace320157ad16ff131ae0af362c9f21b80ef6ec4",
                "sha256:2c6a5de3089009e3da7c5dde64a141dbc8551d5b7f6cf4ed7c2568d0cc520a8f"
            ],
            "version": "==2.6"
        },
        "iniherit": {
            "hashes": [
                "sha256:06d90849ff0c4fadb7e255ce31e7c8e188a99af90d761435c72b79b36adbb67a"
            ],
            "version": "==0.3.9"
        },
        "mysqlclient": {
            "hashes": [
                "sha256:b3b1a7e4468180afb79289b54069d9499242946a4cedf3928cbf6b2a13800016",
                "sha256:d56e379c03efad746e84705cbb97401f60d1f98b05e11a27f2d9c2d043936974",
                "sha256:371df79d000af56b4e540b7ce2120d1c9afb04b751bfce25a1eb609c50fd10ff",
                "sha256:1e85e48b167e2af3bb08f273fdbd1ad6401cbe75057fa6513f97387dc7b282dc",
                "sha256:2d9ec33de39f4d9c64ad7322ede0521d85829ce36a76f9dd3d6ab76a9c8648e5"
            ],
            "version": "==1.3.12"
        },
        "oauth2client": {
            "hashes": [
                "sha256:cf061f52f75e91d489bf5c276498f8af2655fe331b454f10022441513cf445a6",
                "sha256:bd3062c06f8b10c6ef7a890b22c2740e5f87d61b6e1f4b1c90d069cdfc9dadb5"
            ],
            "version": "==4.1.2"
        },
        "pastel": {
            "hashes": [
                "sha256:d1fee8079534f99f1805a044fef946d23eee6d6a7cd34292c30e6c16be9a80b9",
                "sha256:3108af417ec0fa6d0a620e676ec4f02c839ca13e10611586e5d2174b46aa0bc3"
            ],
            "version": "==0.1.0"
        },
        "pyasn1": {
            "hashes": [
                "sha256:21e955340b52731870a88300ccf8baef2518bf1cf684c2b2e78e731f63077073",
                "sha256:badded1ee860ff6012331f1599c3a6dc2fca47c2f1b0c2864cb43f7cb7f5bd46",
                "sha256:497b8adff6d72ab00171fc79bb61e94e0c8bbb8fbb72c8b9897f9a64a7dab78f",
                "sha256:ba15bca8b2b3b8873dd1ebb964031002669ce38f4ed48673154bf8d72393ebb8",
                "sha256:49cabfbf30df3ccd1a3c4b162b2b4a041d5bf809543c460e525eb31c25510092",
                "sha256:cecb93347f86e5d64e8570276bbff857b30a530d7f2ea085630495c8581763f5",
                "sha256:271fdcb6f53770d078455ef8fd8da3b9d73296d11540158f31a61b8c30cc6830",
                "sha256:d6cf917026cd80f399404b26213cdf5b1ad1702c8569acbbf6c01026b4ca9019",
                "sha256:3c4094e0356282994760e6e367f520e70a79d7c776531f1a840957e30cff6fed",
                "sha256:d2926d04fed2d5ec9341ce0458c30035edbeee41e66f0c1531ec337a9b676fe8",
                "sha256:1112a0b9f27989f75c4402486071107cd849a52f6593d8a46fff6c5d85f688c2",
                "sha256:b9f0902dc5ed64dab175711cbfb3c207b3b7b79a354f63c4ecde3b7df8a30c1a"
            ],
            "version": "==0.4.1"
        },
        "pyasn1-modules": {
            "hashes": [
                "sha256:b1f395cae2d669e0830cb023aa86f9f283b7a9aa32317d7f80d8e78aa2745812",
                "sha256:854700bbdd01394e2ada9c1bfbd0ed9f5d0c551350dbbd023e88b11d2771ae06",
                "sha256:598a6004ec26a8ab40a39ea955068cf2a3949ad9c0030da970f2e1ca4c9f1cc9",
                "sha256:f53fe5bcebdf318f51399b250fe8325ef3a26d927f012cc0c8e0f9e9af7f9deb",
                "sha256:47fb6757ab78fe966e7c58b2030b546854f78416d653163f0ce9290cf2278e8b",
                "sha256:041e9fbafac548d095f5b6c3b328b80792f006196e15a232b731a83c93d59493",
                "sha256:0cea139045c38f84abaa803bcb4b5e8775ea12a42af10019d942f227acc426c3",
                "sha256:0cdca76a68dcb701fff58c397de0ef9922b472b1cb3ea9695ca19d03f1869787",
                "sha256:72fd8b0c11191da088147c6e4678ec53e573923ecf60b57eeac9e97433e09fc2",
                "sha256:c6747146e95d2b14cc2a8399b2b0bde3f93778f8f9ec704690d2b589c376c137",
                "sha256:0f2e50d20bc670be170966638fa0ae603f0bc9ed6ebe8e97a6d1d4cef30cc889",
                "sha256:af00ea8f2022b6287dc375b2c70f31ab5af83989fc6fe9eacd4976ce26cd7ccc"
            ],
            "version": "==0.2.1"
        },
        "pylev": {
            "hashes": [
                "sha256:1d29a87beb45ebe1e821e7a3b10da2b6b2f4c79b43f482c2df1a1f748a6e114e",
                "sha256:063910098161199b81e453025653ec53556c1be7165a9b7c50be2f4d57eae1c3"
            ],
            "version": "==1.3.0"
        },
        "pymysql": {
            "hashes": [
                "sha256:ac3dfb1f650582eca2e1e0701598bc04364ac464daa425cbbc26bb32ae54cdd5",
                "sha256:56e3f5bcef6501012233620b54f6a7b8a34edc5751e85e4e3da9a0d808df5f68"
            ],
            "version": "==0.7.11"
        },
        "python-slugify": {
            "hashes": [
                "sha256:c3733135d3b184196fdb8844f6a74bbfb9cf6720d1dcce3254bdc434353f938f",
                "sha256:57a385df7a1c6dbd15f7666eaff0ff29d3f60363b228b1197c5308ed3ba5f824"
            ],
            "version": "==1.2.4"
        },
        "requests": {
            "hashes": [
                "sha256:6a1b267aa90cac58ac3a765d067950e7dbbf75b1da07e895d1f594193a40a38b",
                "sha256:9c443e7324ba5b85070c4a818ade28bfabedf16ea10206da1132edaa6dda237e"
            ],
            "version": "==2.18.4"
        },
        "rsa": {
            "hashes": [
                "sha256:43f682fea81c452c98d09fc316aae12de6d30c4b5c84226642cf8f8fd1c93abd",
                "sha256:25df4e10c263fb88b5ace923dd84bf9aa7f5019687b5e55382ffcdb8bede9db5"
            ],
            "version": "==3.4.2"
        },
        "simplejson": {
            "hashes": [
                "sha256:76bde9b007ca488a1cad6d33f426c7db264ac15c77dd129e04f96985146e08de",
                "sha256:28882620a269703081e5d956941229316e082abda747006027d6e2069910da56",
                "sha256:3c546e6461b386e9bfe3fcee9d741d1b2d7cd5d0da72fc9ea89f3742e7e5cde7",
                "sha256:8dde2b270c2d3bcb3042eeab40978e7ee31d501a058d6f63dd88a970d3397b7c",
                "sha256:df5e38f5e0a24abe0e02276aa5c3f8504150047a51c0b6b848b8153e6e6d395e",
                "sha256:0fdd7dda25f3ee55bb3d9191bd684f7e4e20d4e3dbac8d5ce07eb9ea2d43b8ff",
                "sha256:dfcc7bdcbbaf2ce6ec48fe77e14914f396a19e98d9d94e315d8a189440a7c4ba",
                "sha256:0b8d87a613338e3c4d8f9029bc1f5d8e3f36a91fbe571c00feb11e6a5c769f67",
                "sha256:28e68ae32f372d9ec4db5ebd0532acb5b53164aef23f4cc2d2a6b3991908933e"
            ],
            "version": "==3.12.0"
        },
        "six": {
            "hashes": [
                "sha256:832dc0e10feb1aa2c68dcc57dbb658f1c7e65b9b61af69048abc87a2db00a0eb",
                "sha256:70e8a77beed4562e7f14fe23a786b54f6296e34344c23bc42f07b15018ff98e9"
            ],
            "version": "==1.11.0"
        },
        "unidecode": {
            "hashes": [
                "sha256:61f807220eda0203a774a09f84b4304a3f93b5944110cc132af29ddb81366883",
                "sha256:280a6ab88e1f2eb5af79edff450021a0d3f0448952847cd79677e55e58bad051"
            ],
            "version": "==0.4.21"
        },
        "uritemplate": {
            "hashes": [
                "sha256:01c69f4fe8ed503b2951bef85d996a9d22434d2431584b5b107b2981ff416fbd",
                "sha256:1b9c467a940ce9fb9f50df819e8ddd14696f89b9a8cc87ac77952ba416e0a8fd",
                "sha256:c02643cebe23fc8adb5e6becffe201185bf06c40bda5c0b4028a93f1527d011d"
            ],
            "version": "==3.0.0"
        },
        "urllib3": {
            "hashes": [
                "sha256:06330f386d6e4b195fbfc736b297f58c5a892e4440e54d294d7004e3a9bbea1b",
                "sha256:cc44da8e1145637334317feebd728bd869a35285b93cbb4cca2577da7e62db4f"
            ],
            "version": "==1.22"
        },
        "yoyo-migrations": {
            "hashes": [
                "sha256:0141541d1738c2a30ca3c4b7e124c09513565c0fbd48d25fb057a09b979e7eeb"
            ],
            "version": "==5.0.5"
        }
    },
    "develop": {}
}
